
Microsoft Visual Studio Solution File, Format Version 12.00
# Visual Studio Version 17
VisualStudioVersion = 17.3.32804.467
MinimumVisualStudioVersion = 10.0.40219.1
Project("{FAE04EC0-301F-11D3-BF4B-00C04F79EFBC}") = "VShop.ProductApi", "src\VShop.ProductApi\VShop.ProductApi.csproj", "{A8D6839B-C63D-4285-876E-615F9391108D}"
EndProject
Global
	GlobalSection(SolutionConfigurationPlatforms) = preSolution
		Debug|Any CPU = Debug|Any CPU
		Release|Any CPU = Release|Any CPU
	EndGlobalSection
	GlobalSection(ProjectConfigurationPlatforms) = postSolution
		{A8D6839B-C63D-4285-876E-615F9391108D}.Debug|Any CPU.ActiveCfg = Debug|Any CPU
		{A8D6839B-C63D-4285-876E-615F9391108D}.Debug|Any CPU.Build.0 = Debug|Any CPU
		{A8D6839B-C63D-4285-876E-615F9391108D}.Release|Any CPU.ActiveCfg = Release|Any CPU
		{A8D6839B-C63D-4285-876E-615F9391108D}.Release|Any CPU.Build.0 = Release|Any CPU
	EndGlobalSection
	GlobalSection(SolutionProperties) = preSolution
		HideSolutionNode = FALSE
	EndGlobalSection
	GlobalSection(ExtensibilityGlobals) = postSolution
		SolutionGuid = {5AD03116-0B7A-4BC2-AD35-83AFB6F7572E}
	EndGlobalSection
EndGlobal
